// !$*UTF8*$!
{
	archiveVersion = 1;
	classes = {
	};
	objectVersion = 46;
	objects = {

/* Begin PBXBuildFile section */
		D36358F31EFB5D5500F97CC0 /* AppDelegate.m in Sources */ = {isa = PBXBuildFile; fileRef = D36358F21EFB5D5500F97CC0 /* AppDelegate.m */; };
		D36358FB1EFB623E00F97CC0 /* CustomAlertView.m in Sources */ = {isa = PBXBuildFile; fileRef = D36358FA1EFB623E00F97CC0 /* CustomAlertView.m */; };
		D36359011EFB8D2800F97CC0 /* ApplyTableCtrl.m in Sources */ = {isa = PBXBuildFile; fileRef = D36358FF1EFB8D2800F97CC0 /* ApplyTableCtrl.m */; };
		D36359021EFB8D2800F97CC0 /* ApplyTableCtrl.xib in Resources */ = {isa = PBXBuildFile; fileRef = D36359001EFB8D2800F97CC0 /* ApplyTableCtrl.xib */; };
		D36359051EFB8D8100F97CC0 /* DrawingCtrl.m in Sources */ = {isa = PBXBuildFile; fileRef = D36359041EFB8D8100F97CC0 /* DrawingCtrl.m */; };
		D363590D1EFB8E0500F97CC0 /* AlertCtrl.m in Sources */ = {isa = PBXBuildFile; fileRef = D36359081EFB8E0500F97CC0 /* AlertCtrl.m */; };
		D363590E1EFB8E0500F97CC0 /* AlertCtrl.xib in Resources */ = {isa = PBXBuildFile; fileRef = D36359091EFB8E0500F97CC0 /* AlertCtrl.xib */; };
		D363590F1EFB8E0500F97CC0 /* DrawingBoardCtrl.m in Sources */ = {isa = PBXBuildFile; fileRef = D363590B1EFB8E0500F97CC0 /* DrawingBoardCtrl.m */; };
		D36359101EFB8E0500F97CC0 /* DrawingBoardCtrl.xib in Resources */ = {isa = PBXBuildFile; fileRef = D363590C1EFB8E0500F97CC0 /* DrawingBoardCtrl.xib */; };
		D38A3E001EFA72E400DF682E /* DrawingBoardView.m in Sources */ = {isa = PBXBuildFile; fileRef = D38A3DFF1EFA72E400DF682E /* DrawingBoardView.m */; };
		D38BF5931EF8FBCA009F140B /* main.m in Sources */ = {isa = PBXBuildFile; fileRef = D38BF5921EF8FBCA009F140B /* main.m */; };
		D38BF59E1EF8FBCA009F140B /* Assets.xcassets in Resources */ = {isa = PBXBuildFile; fileRef = D38BF59D1EF8FBCA009F140B /* Assets.xcassets */; };
		D38BF5A11EF8FBCA009F140B /* LaunchScreen.storyboard in Resources */ = {isa = PBXBuildFile; fileRef = D38BF59F1EF8FBCA009F140B /* LaunchScreen.storyboard */; };
		D38BF5BA1EF8FCC4009F140B /* UIView+AdjustFrame.m in Sources */ = {isa = PBXBuildFile; fileRef = D38BF5B81EF8FCC4009F140B /* UIView+AdjustFrame.m */; };
		D38BF5BE1EF8FE5E009F140B /* UIBezierPathView.m in Sources */ = {isa = PBXBuildFile; fileRef = D38BF5BD1EF8FE5E009F140B /* UIBezierPathView.m */; };
		D38BF5C11EF902CD009F140B /* CoreGraphicsView.m in Sources */ = {isa = PBXBuildFile; fileRef = D38BF5C01EF902CD009F140B /* CoreGraphicsView.m */; };
/* End PBXBuildFile section */

/* Begin PBXFileReference section */
		D36358F11EFB5D5500F97CC0 /* AppDelegate.h */ = {isa = PBXFileReference; fileEncoding = 4; lastKnownFileType = sourcecode.c.h; path = AppDelegate.h; sourceTree = "<group>"; };
		D36358F21EFB5D5500F97CC0 /* AppDelegate.m */ = {isa = PBXFileReference; fileEncoding = 4; lastKnownFileType = sourcecode.c.objc; path = AppDelegate.m; sourceTree = "<group>"; };
		D36358F91EFB623E00F97CC0 /* CustomAlertView.h */ = {isa = PBXFileReference; fileEncoding = 4; lastKnownFileType = sourcecode.c.h; path = CustomAlertView.h; sourceTree = "<group>"; };
		D36358FA1EFB623E00F97CC0 /* CustomAlertView.m */ = {isa = PBXFileReference; fileEncoding = 4; lastKnownFileType = sourcecode.c.objc; path = CustomAlertView.m; sourceTree = "<group>"; };
		D36358FE1EFB8D2800F97CC0 /* ApplyTableCtrl.h */ = {isa = PBXFileReference; fileEncoding = 4; lastKnownFileType = sourcecode.c.h; path = ApplyTableCtrl.h; sourceTree = "<group>"; };
		D36358FF1EFB8D2800F97CC0 /* ApplyTableCtrl.m */ = {isa = PBXFileReference; fileEncoding = 4; lastKnownFileType = sourcecode.c.objc; path = ApplyTableCtrl.m; sourceTree = "<group>"; };
		D36359001EFB8D2800F97CC0 /* ApplyTableCtrl.xib */ = {isa = PBXFileReference; fileEncoding = 4; lastKnownFileType = file.xib; name = ApplyTableCtrl.xib; path = Controller/ApplyTableCtrl.xib; sourceTree = "<group>"; };
		D36359031EFB8D8100F97CC0 /* DrawingCtrl.h */ = {isa = PBXFileReference; fileEncoding = 4; lastKnownFileType = sourcecode.c.h; path = DrawingCtrl.h; sourceTree = "<group>"; };
		D36359041EFB8D8100F97CC0 /* DrawingCtrl.m */ = {isa = PBXFileReference; fileEncoding = 4; lastKnownFileType = sourcecode.c.objc; path = DrawingCtrl.m; sourceTree = "<group>"; };
		D36359071EFB8E0500F97CC0 /* AlertCtrl.h */ = {isa = PBXFileReference; fileEncoding = 4; lastKnownFileType = sourcecode.c.h; path = AlertCtrl.h; sourceTree = "<group>"; };
		D36359081EFB8E0500F97CC0 /* AlertCtrl.m */ = {isa = PBXFileReference; fileEncoding = 4; lastKnownFileType = sourcecode.c.objc; path = AlertCtrl.m; sourceTree = "<group>"; };
		D36359091EFB8E0500F97CC0 /* AlertCtrl.xib */ = {isa = PBXFileReference; fileEncoding = 4; lastKnownFileType = file.xib; path = AlertCtrl.xib; sourceTree = "<group>"; };
		D363590A1EFB8E0500F97CC0 /* DrawingBoardCtrl.h */ = {isa = PBXFileReference; fileEncoding = 4; lastKnownFileType = sourcecode.c.h; path = DrawingBoardCtrl.h; sourceTree = "<group>"; };
		D363590B1EFB8E0500F97CC0 /* DrawingBoardCtrl.m */ = {isa = PBXFileReference; fileEncoding = 4; lastKnownFileType = sourcecode.c.objc; path = DrawingBoardCtrl.m; sourceTree = "<group>"; };
		D363590C1EFB8E0500F97CC0 /* DrawingBoardCtrl.xib */ = {isa = PBXFileReference; fileEncoding = 4; lastKnownFileType = file.xib; path = DrawingBoardCtrl.xib; sourceTree = "<group>"; };
		D38A3DFE1EFA72E400DF682E /* DrawingBoardView.h */ = {isa = PBXFileReference; fileEncoding = 4; lastKnownFileType = sourcecode.c.h; path = DrawingBoardView.h; sourceTree = "<group>"; };
		D38A3DFF1EFA72E400DF682E /* DrawingBoardView.m */ = {isa = PBXFileReference; fileEncoding = 4; lastKnownFileType = sourcecode.c.objc; path = DrawingBoardView.m; sourceTree = "<group>"; };
		D38BF58E1EF8FBCA009F140B /* Drawing.app */ = {isa = PBXFileReference; explicitFileType = wrapper.application; includeInIndex = 0; path = Drawing.app; sourceTree = BUILT_PRODUCTS_DIR; };
		D38BF5921EF8FBCA009F140B /* main.m */ = {isa = PBXFileReference; lastKnownFileType = sourcecode.c.objc; path = main.m; sourceTree = "<group>"; };
		D38BF59D1EF8FBCA009F140B /* Assets.xcassets */ = {isa = PBXFileReference; lastKnownFileType = folder.assetcatalog; path = Assets.xcassets; sourceTree = "<group>"; };
		D38BF5A01EF8FBCA009F140B /* Base */ = {isa = PBXFileReference; lastKnownFileType = file.storyboard; name = Base; path = Base.lproj/LaunchScreen.storyboard; sourceTree = "<group>"; };
		D38BF5A21EF8FBCA009F140B /* Info.plist */ = {isa = PBXFileReference; lastKnownFileType = text.plist.xml; path = Info.plist; sourceTree = "<group>"; };
		D38BF5B71EF8FCC4009F140B /* UIView+AdjustFrame.h */ = {isa = PBXFileReference; fileEncoding = 4; lastKnownFileType = sourcecode.c.h; path = "UIView+AdjustFrame.h"; sourceTree = "<group>"; };
		D38BF5B81EF8FCC4009F140B /* UIView+AdjustFrame.m */ = {isa = PBXFileReference; fileEncoding = 4; lastKnownFileType = sourcecode.c.objc; path = "UIView+AdjustFrame.m"; sourceTree = "<group>"; };
		D38BF5B91EF8FCC4009F140B /* MyMacro.h */ = {isa = PBXFileReference; fileEncoding = 4; lastKnownFileType = sourcecode.c.h; path = MyMacro.h; sourceTree = "<group>"; };
		D38BF5BB1EF8FD02009F140B /* PrefixHeader.pch */ = {isa = PBXFileReference; fileEncoding = 4; lastKnownFileType = sourcecode.c.h; path = PrefixHeader.pch; sourceTree = "<group>"; };
		D38BF5BC1EF8FE5E009F140B /* UIBezierPathView.h */ = {isa = PBXFileReference; fileEncoding = 4; lastKnownFileType = sourcecode.c.h; path = UIBezierPathView.h; sourceTree = "<group>"; };
		D38BF5BD1EF8FE5E009F140B /* UIBezierPathView.m */ = {isa = PBXFileReference; fileEncoding = 4; lastKnownFileType = sourcecode.c.objc; path = UIBezierPathView.m; sourceTree = "<group>"; };
		D38BF5BF1EF902CD009F140B /* CoreGraphicsView.h */ = {isa = PBXFileReference; fileEncoding = 4; lastKnownFileType = sourcecode.c.h; path = CoreGraphicsView.h; sourceTree = "<group>"; };
		D38BF5C01EF902CD009F140B /* CoreGraphicsView.m */ = {isa = PBXFileReference; fileEncoding = 4; lastKnownFileType = sourcecode.c.objc; path = CoreGraphicsView.m; sourceTree = "<group>"; };
/* End PBXFileReference section */

/* Begin PBXFrameworksBuildPhase section */
		D38BF58B1EF8FBCA009F140B /* Frameworks */ = {
			isa = PBXFrameworksBuildPhase;
			buildActionMask = 2147483647;
			files = (
			);
			runOnlyForDeploymentPostprocessing = 0;
		};
/* End PBXFrameworksBuildPhase section */

/* Begin PBXGroup section */
		D36359061EFB8E0500F97CC0 /* 应用 */ = {
			isa = PBXGroup;
			children = (
				D36359071EFB8E0500F97CC0 /* AlertCtrl.h */,
				D36359081EFB8E0500F97CC0 /* AlertCtrl.m */,
				D36359091EFB8E0500F97CC0 /* AlertCtrl.xib */,
				D363590A1EFB8E0500F97CC0 /* DrawingBoardCtrl.h */,
				D363590B1EFB8E0500F97CC0 /* DrawingBoardCtrl.m */,
				D363590C1EFB8E0500F97CC0 /* DrawingBoardCtrl.xib */,
			);
			path = "应用";
			sourceTree = "<group>";
		};
		D38BF5851EF8FBCA009F140B = {
			isa = PBXGroup;
			children = (
				D38BF5901EF8FBCA009F140B /* Drawing */,
				D38BF58F1EF8FBCA009F140B /* Products */,
			);
			sourceTree = "<group>";
		};
		D38BF58F1EF8FBCA009F140B /* Products */ = {
			isa = PBXGroup;
			children = (
				D38BF58E1EF8FBCA009F140B /* Drawing.app */,
			);
			name = Products;
			sourceTree = "<group>";
		};
		D38BF5901EF8FBCA009F140B /* Drawing */ = {
			isa = PBXGroup;
			children = (
				D38BF5B01EF8FC50009F140B /* Controller */,
				D38BF5B31EF8FC50009F140B /* View */,
				D38BF5B21EF8FC50009F140B /* Other */,
				D38BF59D1EF8FBCA009F140B /* Assets.xcassets */,
				D38BF59F1EF8FBCA009F140B /* LaunchScreen.storyboard */,
				D36359001EFB8D2800F97CC0 /* ApplyTableCtrl.xib */,
				D38BF5A21EF8FBCA009F140B /* Info.plist */,
				D38BF5911EF8FBCA009F140B /* Supporting Files */,
			);
			path = Drawing;
			sourceTree = "<group>";
		};
		D38BF5911EF8FBCA009F140B /* Supporting Files */ = {
			isa = PBXGroup;
			children = (
				D38BF5921EF8FBCA009F140B /* main.m */,
			);
			name = "Supporting Files";
			sourceTree = "<group>";
		};
		D38BF5B01EF8FC50009F140B /* Controller */ = {
			isa = PBXGroup;
			children = (
				D36359061EFB8E0500F97CC0 /* 应用 */,
				D36359031EFB8D8100F97CC0 /* DrawingCtrl.h */,
				D36359041EFB8D8100F97CC0 /* DrawingCtrl.m */,
				D36358FE1EFB8D2800F97CC0 /* ApplyTableCtrl.h */,
				D36358FF1EFB8D2800F97CC0 /* ApplyTableCtrl.m */,
			);
			path = Controller;
			sourceTree = "<group>";
		};
		D38BF5B21EF8FC50009F140B /* Other */ = {
			isa = PBXGroup;
			children = (
				D36358F11EFB5D5500F97CC0 /* AppDelegate.h */,
				D36358F21EFB5D5500F97CC0 /* AppDelegate.m */,
				D38BF5B71EF8FCC4009F140B /* UIView+AdjustFrame.h */,
				D38BF5B81EF8FCC4009F140B /* UIView+AdjustFrame.m */,
				D38BF5B91EF8FCC4009F140B /* MyMacro.h */,
				D38BF5BB1EF8FD02009F140B /* PrefixHeader.pch */,
			);
			path = Other;
			sourceTree = "<group>";
		};
		D38BF5B31EF8FC50009F140B /* View */ = {
			isa = PBXGroup;
			children = (
				D38BF5BC1EF8FE5E009F140B /* UIBezierPathView.h */,
				D38BF5BD1EF8FE5E009F140B /* UIBezierPathView.m */,
				D38BF5BF1EF902CD009F140B /* CoreGraphicsView.h */,
				D38BF5C01EF902CD009F140B /* CoreGraphicsView.m */,
				D38A3DFE1EFA72E400DF682E /* DrawingBoardView.h */,
				D38A3DFF1EFA72E400DF682E /* DrawingBoardView.m */,
				D36358F91EFB623E00F97CC0 /* CustomAlertView.h */,
				D36358FA1EFB623E00F97CC0 /* CustomAlertView.m */,
			);
			path = View;
			sourceTree = "<group>";
		};
/* End PBXGroup section */

/* Begin PBXNativeTarget section */
		D38BF58D1EF8FBCA009F140B /* Drawing */ = {
			isa = PBXNativeTarget;
			buildConfigurationList = D38BF5A51EF8FBCA009F140B /* Build configuration list for PBXNativeTarget "Drawing" */;
			buildPhases = (
				D38BF58A1EF8FBCA009F140B /* Sources */,
				D38BF58B1EF8FBCA009F140B /* Frameworks */,
				D38BF58C1EF8FBCA009F140B /* Resources */,
			);
			buildRules = (
			);
			dependencies = (
			);
			name = Drawing;
			productName = Drawing;
			productReference = D38BF58E1EF8FBCA009F140B /* Drawing.app */;
			productType = "com.apple.product-type.application";
		};
/* End PBXNativeTarget section */

/* Begin PBXProject section */
		D38BF5861EF8FBCA009F140B /* Project object */ = {
			isa = PBXProject;
			attributes = {
				LastUpgradeCheck = 0820;
				ORGANIZATIONNAME = LOLITA;
				TargetAttributes = {
					D38BF58D1EF8FBCA009F140B = {
						CreatedOnToolsVersion = 8.2;
						DevelopmentTeam = P6247WX9N5;
						ProvisioningStyle = Automatic;
					};
				};
			};
			buildConfigurationList = D38BF5891EF8FBCA009F140B /* Build configuration list for PBXProject "Drawing" */;
			compatibilityVersion = "Xcode 3.2";
			developmentRegion = English;
			hasScannedForEncodings = 0;
			knownRegions = (
				en,
				Base,
			);
			mainGroup = D38BF5851EF8FBCA009F140B;
			productRefGroup = D38BF58F1EF8FBCA009F140B /* Products */;
			projectDirPath = "";
			projectRoot = "";
			targets = (
				D38BF58D1EF8FBCA009F140B /* Drawing */,
			);
		};
/* End PBXProject section */

/* Begin PBXResourcesBuildPhase section */
		D38BF58C1EF8FBCA009F140B /* Resources */ = {
			isa = PBXResourcesBuildPhase;
			buildActionMask = 2147483647;
			files = (
				D38BF5A11EF8FBCA009F140B /* LaunchScreen.storyboard in Resources */,
				D38BF59E1EF8FBCA009F140B /* Assets.xcassets in Resources */,
				D36359021EFB8D2800F97CC0 /* ApplyTableCtrl.xib in Resources */,
				D363590E1EFB8E0500F97CC0 /* AlertCtrl.xib in Resources */,
				D36359101EFB8E0500F97CC0 /* DrawingBoardCtrl.xib in Resources */,
			);
			runOnlyForDeploymentPostprocessing = 0;
		};
/* End PBXResourcesBuildPhase section */

/* Begin PBXSourcesBuildPhase section */
		D38BF58A1EF8FBCA009F140B /* Sources */ = {
			isa = PBXSourcesBuildPhase;
			buildActionMask = 2147483647;
			files = (
				D38BF5BA1EF8FCC4009F140B /* UIView+AdjustFrame.m in Sources */,
				D38BF5C11EF902CD009F140B /* CoreGraphicsView.m in Sources */,
				D363590F1EFB8E0500F97CC0 /* DrawingBoardCtrl.m in Sources */,
				D38A3E001EFA72E400DF682E /* DrawingBoardView.m in Sources */,
				D36358F31EFB5D5500F97CC0 /* AppDelegate.m in Sources */,
				D38BF5931EF8FBCA009F140B /* main.m in Sources */,
				D38BF5BE1EF8FE5E009F140B /* UIBezierPathView.m in Sources */,
				D36359011EFB8D2800F97CC0 /* ApplyTableCtrl.m in Sources */,
				D363590D1EFB8E0500F97CC0 /* AlertCtrl.m in Sources */,
				D36358FB1EFB623E00F97CC0 /* CustomAlertView.m in Sources */,
				D36359051EFB8D8100F97CC0 /* DrawingCtrl.m in Sources */,
			);
			runOnlyForDeploymentPostprocessing = 0;
		};
/* End PBXSourcesBuildPhase section */

/* Begin PBXVariantGroup section */
		D38BF59F1EF8FBCA009F140B /* LaunchScreen.storyboard */ = {
			isa = PBXVariantGroup;
			children = (
				D38BF5A01EF8FBCA009F140B /* Base */,
			);
			name = LaunchScreen.storyboard;
			sourceTree = "<group>";
		};
/* End PBXVariantGroup section */

/* Begin XCBuildConfiguration section */
		D38BF5A31EF8FBCA009F140B /* Debug */ = {
			isa = XCBuildConfiguration;
			buildSettings = {
				ALWAYS_SEARCH_USER_PATHS = NO;
				CLANG_ANALYZER_NONNULL = YES;
				CLANG_CXX_LANGUAGE_STANDARD = "gnu++0x";
				CLANG_CXX_LIBRARY = "libc++";
				CLANG_ENABLE_MODULES = YES;
				CLANG_ENABLE_OBJC_ARC = YES;
				CLANG_WARN_BOOL_CONVERSION = YES;
				CLANG_WARN_CONSTANT_CONVERSION = YES;
				CLANG_WARN_DIRECT_OBJC_ISA_USAGE = YES_ERROR;
				CLANG_WARN_DOCUMENTATION_COMMENTS = YES;
				CLANG_WARN_EMPTY_BODY = YES;
				CLANG_WARN_ENUM_CONVERSION = YES;
				CLANG_WARN_INFINITE_RECURSION = YES;
				CLANG_WARN_INT_CONVERSION = YES;
				CLANG_WARN_OBJC_ROOT_CLASS = YES_ERROR;
				CLANG_WARN_SUSPICIOUS_MOVE = YES;
				CLANG_WARN_UNREACHABLE_CODE = YES;
				CLANG_WARN__DUPLICATE_METHOD_MATCH = YES;
				"CODE_SIGN_IDENTITY[sdk=iphoneos*]" = "iPhone Developer";
				COPY_PHASE_STRIP = NO;
				DEBUG_INFORMATION_FORMAT = dwarf;
				ENABLE_STRICT_OBJC_MSGSEND = YES;
				ENABLE_TESTABILITY = YES;
				GCC_C_LANGUAGE_STANDARD = gnu99;
				GCC_DYNAMIC_NO_PIC = NO;
				GCC_NO_COMMON_BLOCKS = YES;
				GCC_OPTIMIZATION_LEVEL = 0;
				GCC_PREPROCESSOR_DEFINITIONS = (
					"DEBUG=1",
					"$(inherited)",
				);
				GCC_WARN_64_TO_32_BIT_CONVERSION = YES;
				GCC_WARN_ABOUT_RETURN_TYPE = YES_ERROR;
				GCC_WARN_UNDECLARED_SELECTOR = YES;
				GCC_WARN_UNINITIALIZED_AUTOS = YES_AGGRESSIVE;
				GCC_WARN_UNUSED_FUNCTION = YES;
				GCC_WARN_UNUSED_VARIABLE = YES;
				IPHONEOS_DEPLOYMENT_TARGET = 10.2;
				MTL_ENABLE_DEBUG_INFO = YES;
				ONLY_ACTIVE_ARCH = YES;
				SDKROOT = iphoneos;
			};
			name = Debug;
		};
		D38BF5A41EF8FBCA009F140B /* Release */ = {
			isa = XCBuildConfiguration;
			buildSettings = {
				ALWAYS_SEARCH_USER_PATHS = NO;
				CLANG_ANALYZER_NONNULL = YES;
				CLANG_CXX_LANGUAGE_STANDARD = "gnu++0x";
				CLANG_CXX_LIBRARY = "libc++";
				CLANG_ENABLE_MODULES = YES;
				CLANG_ENABLE_OBJC_ARC = YES;
				CLANG_WARN_BOOL_CONVERSION = YES;
				CLANG_WARN_CONSTANT_CONVERSION = YES;
				CLANG_WARN_DIRECT_OBJC_ISA_USAGE = YES_ERROR;
				CLANG_WARN_DOCUMENTATION_COMMENTS = YES;
				CLANG_WARN_EMPTY_BODY = YES;
				CLANG_WARN_ENUM_CONVERSION = YES;
				CLANG_WARN_INFINITE_RECURSION = YES;
				CLANG_WARN_INT_CONVERSION = YES;
				CLANG_WARN_OBJC_ROOT_CLASS = YES_ERROR;
				CLANG_WARN_SUSPICIOUS_MOVE = YES;
				CLANG_WARN_UNREACHABLE_CODE = YES;
				CLANG_WARN__DUPLICATE_METHOD_MATCH = YES;
				"CODE_SIGN_IDENTITY[sdk=iphoneos*]" = "iPhone Developer";
				COPY_PHASE_STRIP = NO;
				DEBUG_INFORMATION_FORMAT = "dwarf-with-dsym";
				ENABLE_NS_ASSERTIONS = NO;
				ENABLE_STRICT_OBJC_MSGSEND = YES;
				GCC_C_LANGUAGE_STANDARD = gnu99;
				GCC_NO_COMMON_BLOCKS = YES;
				GCC_WARN_64_TO_32_BIT_CONVERSION = YES;
				GCC_WARN_ABOUT_RETURN_TYPE = YES_ERROR;
				GCC_WARN_UNDECLARED_SELECTOR = YES;
				GCC_WARN_UNINITIALIZED_AUTOS = YES_AGGRESSIVE;
				GCC_WARN_UNUSED_FUNCTION = YES;
				GCC_WARN_UNUSED_VARIABLE = YES;
				IPHONEOS_DEPLOYMENT_TARGET = 10.2;
				MTL_ENABLE_DEBUG_INFO = NO;
				SDKROOT = iphoneos;
				VALIDATE_PRODUCT = YES;
			};
			name = Release;
		};
		D38BF5A61EF8FBCA009F140B /* Debug */ = {
			isa = XCBuildConfiguration;
			buildSettings = {
				ASSETCATALOG_COMPILER_APPICON_NAME = AppIcon;
				DEVELOPMENT_TEAM = P6247WX9N5;
				GCC_PRECOMPILE_PREFIX_HEADER = YES;
				GCC_PREFIX_HEADER = "$(SRCROOT)/Drawing/Other/PrefixHeader.pch";
				INFOPLIST_FILE = Drawing/Info.plist;
				IPHONEOS_DEPLOYMENT_TARGET = 8.2;
				LD_RUNPATH_SEARCH_PATHS = "$(inherited) @executable_path/Frameworks";
				PRODUCT_BUNDLE_IDENTIFIER = LOLITA.Drawing;
				PRODUCT_NAME = "$(TARGET_NAME)";
			};
			name = Debug;
		};
		D38BF5A71EF8FBCA009F140B /* Release */ = {
			isa = XCBuildConfiguration;
			buildSettings = {
				ASSETCATALOG_COMPILER_APPICON_NAME = AppIcon;
				DEVELOPMENT_TEAM = P6247WX9N5;
				GCC_PRECOMPILE_PREFIX_HEADER = YES;
				GCC_PREFIX_HEADER = "$(SRCROOT)/Drawing/Other/PrefixHeader.pch";
				INFOPLIST_FILE = Drawing/Info.plist;
				IPHONEOS_DEPLOYMENT_TARGET = 8.2;
				LD_RUNPATH_SEARCH_PATHS = "$(inherited) @executable_path/Frameworks";
				PRODUCT_BUNDLE_IDENTIFIER = LOLITA.Drawing;
				PRODUCT_NAME = "$(TARGET_NAME)";
			};
			name = Release;
		};
/* End XCBuildConfiguration section */

/* Begin XCConfigurationList section */
		D38BF5891EF8FBCA009F140B /* Build configuration list for PBXProject "Drawing" */ = {
			isa = XCConfigurationList;
			buildConfigurations = (
				D38BF5A31EF8FBCA009F140B /* Debug */,
				D38BF5A41EF8FBCA009F140B /* Release */,
			);
			defaultConfigurationIsVisible = 0;
			defaultConfigurationName = Release;
		};
		D38BF5A51EF8FBCA009F140B /* Build configuration list for PBXNativeTarget "Drawing" */ = {
			isa = XCConfigurationList;
			buildConfigurations = (
				D38BF5A61EF8FBCA009F140B /* Debug */,
				D38BF5A71EF8FBCA009F140B /* Release */,
			);
			defaultConfigurationIsVisible = 0;
			defaultConfigurationName = Release;
		};
/* End XCConfigurationList section */
	};
	rootObject = D38BF5861EF8FBCA009F140B /* Project object */;
}
